
Microsoft Visual Studio Solution File, Format Version 12.00
# Visual Studio Version 17
VisualStudioVersion = 17.7.34031.279
MinimumVisualStudioVersion = 10.0.40219.1
Project("{888888A0-9F3D-457C-B088-3A5042F75D52}") = "Binance_data", "Binance_data.pyproj", "{876E9A0A-5F89-4FFF-8F76-37C745CBD2E0}"
EndProject
Global
	GlobalSection(SolutionConfigurationPlatforms) = preSolution
		Debug|Any CPU = Debug|Any CPU
		Release|Any CPU = Release|Any CPU
	EndGlobalSection
	GlobalSection(ProjectConfigurationPlatforms) = postSolution
		{876E9A0A-5F89-4FFF-8F76-37C745CBD2E0}.Debug|Any CPU.ActiveCfg = Debug|Any CPU
		{876E9A0A-5F89-4FFF-8F76-37C745CBD2E0}.Release|Any CPU.ActiveCfg = Release|Any CPU
	EndGlobalSection
	GlobalSection(SolutionProperties) = preSolution
		HideSolutionNode = FALSE
	EndGlobalSection
	GlobalSection(ExtensibilityGlobals) = postSolution
		SolutionGuid = {1A46BB12-F2D2-47A8-B990-2C8657A15BBD}
	EndGlobalSection
EndGlobal
